
Microsoft Visual Studio Solution File, Format Version 12.00
# Visual Studio Version 17
VisualStudioVersion = 17.9.34622.214
MinimumVisualStudioVersion = 10.0.40219.1
Project("{FAE04EC0-301F-11D3-BF4B-00C04F79EFBC}") = "OrderDemo", "OrderDemo\OrderDemo.csproj", "{D393B6D8-1432-423B-8612-4F4F7574AEB0}"
EndProject
Global
	GlobalSection(SolutionConfigurationPlatforms) = preSolution
		Debug|Any CPU = Debug|Any CPU
		Release|Any CPU = Release|Any CPU
	EndGlobalSection
	GlobalSection(ProjectConfigurationPlatforms) = postSolution
		{D393B6D8-1432-423B-8612-4F4F7574AEB0}.Debug|Any CPU.ActiveCfg = Debug|Any CPU
		{D393B6D8-1432-423B-8612-4F4F7574AEB0}.Debug|Any CPU.Build.0 = Debug|Any CPU
		{D393B6D8-1432-423B-8612-4F4F7574AEB0}.Release|Any CPU.ActiveCfg = Release|Any CPU
		{D393B6D8-1432-423B-8612-4F4F7574AEB0}.Release|Any CPU.Build.0 = Release|Any CPU
	EndGlobalSection
	GlobalSection(SolutionProperties) = preSolution
		HideSolutionNode = FALSE
	EndGlobalSection
	GlobalSection(ExtensibilityGlobals) = postSolution
		SolutionGuid = {16B9D73C-6758-4C1A-BCFF-4A64C60DB5DB}
	EndGlobalSection
EndGlobal
